
Microsoft Visual Studio Solution File, Format Version 12.00
# Visual Studio 15
VisualStudioVersion = 15.0.27130.2026
MinimumVisualStudioVersion = 10.0.40219.1
Project("{FAE04EC0-301F-11D3-BF4B-00C04F79EFBC}") = "BLL", "BLL\BLL.csproj", "{796C76C1-BA4C-4C69-AD83-59EB2584931D}"
EndProject
Project("{FAE04EC0-301F-11D3-BF4B-00C04F79EFBC}") = "SL", "SL\SL.csproj", "{97983F1C-CB00-4162-BDF0-9CC865303785}"
EndProject
Project("{FAE04EC0-301F-11D3-BF4B-00C04F79EFBC}") = "DAL", "DAL\DAL.csproj", "{2C72534B-2C25-4973-B9A1-88BB3A0B2481}"
EndProject
Project("{9A19103F-16F7-4668-BE54-9A1E7A4F7556}") = "BLL.Tests", "BLL.Tests\BLL.Tests.csproj", "{5EA4A158-13D8-441D-B01A-CD5774EC6966}"
EndProject
Project("{9A19103F-16F7-4668-BE54-9A1E7A4F7556}") = "DAL.Tests", "DAL.Tests\DAL.Tests.csproj", "{C2E09CE5-0904-4BE2-B5CE-64BA490C5679}"
EndProject
Project("{9A19103F-16F7-4668-BE54-9A1E7A4F7556}") = "SL.Tests", "SL.Tests\SL.Tests.csproj", "{AA10D107-18FE-4CBF-A18B-810FA079C6FB}"
EndProject
Global
	GlobalSection(SolutionConfigurationPlatforms) = preSolution
		Debug|Any CPU = Debug|Any CPU
		Release|Any CPU = Release|Any CPU
	EndGlobalSection
	GlobalSection(ProjectConfigurationPlatforms) = postSolution
		{796C76C1-BA4C-4C69-AD83-59EB2584931D}.Debug|Any CPU.ActiveCfg = Debug|Any CPU
		{796C76C1-BA4C-4C69-AD83-59EB2584931D}.Debug|Any CPU.Build.0 = Debug|Any CPU
		{796C76C1-BA4C-4C69-AD83-59EB2584931D}.Release|Any CPU.ActiveCfg = Release|Any CPU
		{796C76C1-BA4C-4C69-AD83-59EB2584931D}.Release|Any CPU.Build.0 = Release|Any CPU
		{97983F1C-CB00-4162-BDF0-9CC865303785}.Debug|Any CPU.ActiveCfg = Debug|Any CPU
		{97983F1C-CB00-4162-BDF0-9CC865303785}.Debug|Any CPU.Build.0 = Debug|Any CPU
		{97983F1C-CB00-4162-BDF0-9CC865303785}.Release|Any CPU.ActiveCfg = Release|Any CPU
		{97983F1C-CB00-4162-BDF0-9CC865303785}.Release|Any CPU.Build.0 = Release|Any CPU
		{2C72534B-2C25-4973-B9A1-88BB3A0B2481}.Debug|Any CPU.ActiveCfg = Debug|Any CPU
		{2C72534B-2C25-4973-B9A1-88BB3A0B2481}.Debug|Any CPU.Build.0 = Debug|Any CPU
		{2C72534B-2C25-4973-B9A1-88BB3A0B2481}.Release|Any CPU.ActiveCfg = Release|Any CPU
		{2C72534B-2C25-4973-B9A1-88BB3A0B2481}.Release|Any CPU.Build.0 = Release|Any CPU
		{5EA4A158-13D8-441D-B01A-CD5774EC6966}.Debug|Any CPU.ActiveCfg = Debug|Any CPU
		{5EA4A158-13D8-441D-B01A-CD5774EC6966}.Debug|Any CPU.Build.0 = Debug|Any CPU
		{5EA4A158-13D8-441D-B01A-CD5774EC6966}.Release|Any CPU.ActiveCfg = Release|Any CPU
		{5EA4A158-13D8-441D-B01A-CD5774EC6966}.Release|Any CPU.Build.0 = Release|Any CPU
		{C2E09CE5-0904-4BE2-B5CE-64BA490C5679}.Debug|Any CPU.ActiveCfg = Debug|Any CPU
		{C2E09CE5-0904-4BE2-B5CE-64BA490C5679}.Debug|Any CPU.Build.0 = Debug|Any CPU
		{C2E09CE5-0904-4BE2-B5CE-64BA490C5679}.Release|Any CPU.ActiveCfg = Release|Any CPU
		{C2E09CE5-0904-4BE2-B5CE-64BA490C5679}.Release|Any CPU.Build.0 = Release|Any CPU
		{AA10D107-18FE-4CBF-A18B-810FA079C6FB}.Debug|Any CPU.ActiveCfg = Debug|Any CPU
		{AA10D107-18FE-4CBF-A18B-810FA079C6FB}.Debug|Any CPU.Build.0 = Debug|Any CPU
		{AA10D107-18FE-4CBF-A18B-810FA079C6FB}.Release|Any CPU.ActiveCfg = Release|Any CPU
		{AA10D107-18FE-4CBF-A18B-810FA079C6FB}.Release|Any CPU.Build.0 = Release|Any CPU
	EndGlobalSection
	GlobalSection(SolutionProperties) = preSolution
		HideSolutionNode = FALSE
	EndGlobalSection
	GlobalSection(ExtensibilityGlobals) = postSolution
		SolutionGuid = {6F6EE5A7-3F83-47C0-A0D1-ABD606B3B9EE}
	EndGlobalSection
EndGlobal
