
Microsoft Visual Studio Solution File, Format Version 12.00
# Visual Studio 15
VisualStudioVersion = 15.0.27703.2047
MinimumVisualStudioVersion = 10.0.40219.1
Project("{FAE04EC0-301F-11D3-BF4B-00C04F79EFBC}") = "BusinessLogicLayer", "BusinessLogicLayer\BusinessLogicLayer.csproj", "{796C76C1-BA4C-4C69-AD83-59EB2584931D}"
EndProject
Project("{FAE04EC0-301F-11D3-BF4B-00C04F79EFBC}") = "Tests", "Tests\Tests.csproj", "{499AABD7-8CF0-4B4A-A859-3E0A5310268B}"
EndProject
Project("{FAE04EC0-301F-11D3-BF4B-00C04F79EFBC}") = "ServiceLayer", "ServiceLayer\ServiceLayer.csproj", "{97983F1C-CB00-4162-BDF0-9CC865303785}"
EndProject
Project("{FAE04EC0-301F-11D3-BF4B-00C04F79EFBC}") = "DataAccessLayer", "DataAccessLayer\DataAccessLayer.csproj", "{2C72534B-2C25-4973-B9A1-88BB3A0B2481}"
EndProject
Global
	GlobalSection(SolutionConfigurationPlatforms) = preSolution
		Debug|Any CPU = Debug|Any CPU
		Release|Any CPU = Release|Any CPU
	EndGlobalSection
	GlobalSection(ProjectConfigurationPlatforms) = postSolution
		{796C76C1-BA4C-4C69-AD83-59EB2584931D}.Debug|Any CPU.ActiveCfg = Debug|Any CPU
		{796C76C1-BA4C-4C69-AD83-59EB2584931D}.Debug|Any CPU.Build.0 = Debug|Any CPU
		{796C76C1-BA4C-4C69-AD83-59EB2584931D}.Release|Any CPU.ActiveCfg = Release|Any CPU
		{796C76C1-BA4C-4C69-AD83-59EB2584931D}.Release|Any CPU.Build.0 = Release|Any CPU
		{499AABD7-8CF0-4B4A-A859-3E0A5310268B}.Debug|Any CPU.ActiveCfg = Debug|Any CPU
		{499AABD7-8CF0-4B4A-A859-3E0A5310268B}.Debug|Any CPU.Build.0 = Debug|Any CPU
		{499AABD7-8CF0-4B4A-A859-3E0A5310268B}.Release|Any CPU.ActiveCfg = Release|Any CPU
		{499AABD7-8CF0-4B4A-A859-3E0A5310268B}.Release|Any CPU.Build.0 = Release|Any CPU
		{97983F1C-CB00-4162-BDF0-9CC865303785}.Debug|Any CPU.ActiveCfg = Debug|Any CPU
		{97983F1C-CB00-4162-BDF0-9CC865303785}.Debug|Any CPU.Build.0 = Debug|Any CPU
		{97983F1C-CB00-4162-BDF0-9CC865303785}.Release|Any CPU.ActiveCfg = Release|Any CPU
		{97983F1C-CB00-4162-BDF0-9CC865303785}.Release|Any CPU.Build.0 = Release|Any CPU
		{2C72534B-2C25-4973-B9A1-88BB3A0B2481}.Debug|Any CPU.ActiveCfg = Debug|Any CPU
		{2C72534B-2C25-4973-B9A1-88BB3A0B2481}.Debug|Any CPU.Build.0 = Debug|Any CPU
		{2C72534B-2C25-4973-B9A1-88BB3A0B2481}.Release|Any CPU.ActiveCfg = Release|Any CPU
		{2C72534B-2C25-4973-B9A1-88BB3A0B2481}.Release|Any CPU.Build.0 = Release|Any CPU
	EndGlobalSection
	GlobalSection(SolutionProperties) = preSolution
		HideSolutionNode = FALSE
	EndGlobalSection
	GlobalSection(ExtensibilityGlobals) = postSolution
		SolutionGuid = {6F6EE5A7-3F83-47C0-A0D1-ABD606B3B9EE}
	EndGlobalSection
EndGlobal
